
Microsoft Visual Studio Solution File, Format Version 12.00
# Visual Studio Version 17
VisualStudioVersion = 17.0.31903.59
MinimumVisualStudioVersion = 10.0.40219.1
Project("{FAE04EC0-301F-11D3-BF4B-00C04F79EFBC}") = "WebUI", "WebUI\WebUI.csproj", "{4D582CA6-3E1D-4AE5-B0B3-2CC92CF4C122}"
EndProject
Project("{FAE04EC0-301F-11D3-BF4B-00C04F79EFBC}") = "Domain", "Domain\Domain.csproj", "{00D8B92E-53B3-4E19-AC31-C17C013E81B5}"
EndProject
Project("{FAE04EC0-301F-11D3-BF4B-00C04F79EFBC}") = "Application", "Application\Application.csproj", "{31ACC9AA-14E0-4430-8787-EA5D35B4DD22}"
EndProject
Project("{FAE04EC0-301F-11D3-BF4B-00C04F79EFBC}") = "Infrastructure", "Infrastructure\Infrastructure.csproj", "{A7806439-5B19-467A-B5B8-A0DB43A11C75}"
EndProject
Global
	GlobalSection(SolutionConfigurationPlatforms) = preSolution
		Debug|Any CPU = Debug|Any CPU
		Debug|x64 = Debug|x64
		Debug|x86 = Debug|x86
		Release|Any CPU = Release|Any CPU
		Release|x64 = Release|x64
		Release|x86 = Release|x86
	EndGlobalSection
	GlobalSection(ProjectConfigurationPlatforms) = postSolution
		{4D582CA6-3E1D-4AE5-B0B3-2CC92CF4C122}.Debug|Any CPU.ActiveCfg = Debug|Any CPU
		{4D582CA6-3E1D-4AE5-B0B3-2CC92CF4C122}.Debug|Any CPU.Build.0 = Debug|Any CPU
		{4D582CA6-3E1D-4AE5-B0B3-2CC92CF4C122}.Debug|x64.ActiveCfg = Debug|Any CPU
		{4D582CA6-3E1D-4AE5-B0B3-2CC92CF4C122}.Debug|x64.Build.0 = Debug|Any CPU
		{4D582CA6-3E1D-4AE5-B0B3-2CC92CF4C122}.Debug|x86.ActiveCfg = Debug|Any CPU
		{4D582CA6-3E1D-4AE5-B0B3-2CC92CF4C122}.Debug|x86.Build.0 = Debug|Any CPU
		{4D582CA6-3E1D-4AE5-B0B3-2CC92CF4C122}.Release|Any CPU.ActiveCfg = Release|Any CPU
		{4D582CA6-3E1D-4AE5-B0B3-2CC92CF4C122}.Release|Any CPU.Build.0 = Release|Any CPU
		{4D582CA6-3E1D-4AE5-B0B3-2CC92CF4C122}.Release|x64.ActiveCfg = Release|Any CPU
		{4D582CA6-3E1D-4AE5-B0B3-2CC92CF4C122}.Release|x64.Build.0 = Release|Any CPU
		{4D582CA6-3E1D-4AE5-B0B3-2CC92CF4C122}.Release|x86.ActiveCfg = Release|Any CPU
		{4D582CA6-3E1D-4AE5-B0B3-2CC92CF4C122}.Release|x86.Build.0 = Release|Any CPU
		{00D8B92E-53B3-4E19-AC31-C17C013E81B5}.Debug|Any CPU.ActiveCfg = Debug|Any CPU
		{00D8B92E-53B3-4E19-AC31-C17C013E81B5}.Debug|Any CPU.Build.0 = Debug|Any CPU
		{00D8B92E-53B3-4E19-AC31-C17C013E81B5}.Debug|x64.ActiveCfg = Debug|Any CPU
		{00D8B92E-53B3-4E19-AC31-C17C013E81B5}.Debug|x64.Build.0 = Debug|Any CPU
		{00D8B92E-53B3-4E19-AC31-C17C013E81B5}.Debug|x86.ActiveCfg = Debug|Any CPU
		{00D8B92E-53B3-4E19-AC31-C17C013E81B5}.Debug|x86.Build.0 = Debug|Any CPU
		{00D8B92E-53B3-4E19-AC31-C17C013E81B5}.Release|Any CPU.ActiveCfg = Release|Any CPU
		{00D8B92E-53B3-4E19-AC31-C17C013E81B5}.Release|Any CPU.Build.0 = Release|Any CPU
		{00D8B92E-53B3-4E19-AC31-C17C013E81B5}.Release|x64.ActiveCfg = Release|Any CPU
		{00D8B92E-53B3-4E19-AC31-C17C013E81B5}.Release|x64.Build.0 = Release|Any CPU
		{00D8B92E-53B3-4E19-AC31-C17C013E81B5}.Release|x86.ActiveCfg = Release|Any CPU
		{00D8B92E-53B3-4E19-AC31-C17C013E81B5}.Release|x86.Build.0 = Release|Any CPU
		{31ACC9AA-14E0-4430-8787-EA5D35B4DD22}.Debug|Any CPU.ActiveCfg = Debug|Any CPU
		{31ACC9AA-14E0-4430-8787-EA5D35B4DD22}.Debug|Any CPU.Build.0 = Debug|Any CPU
		{31ACC9AA-14E0-4430-8787-EA5D35B4DD22}.Debug|x64.ActiveCfg = Debug|Any CPU
		{31ACC9AA-14E0-4430-8787-EA5D35B4DD22}.Debug|x64.Build.0 = Debug|Any CPU
		{31ACC9AA-14E0-4430-8787-EA5D35B4DD22}.Debug|x86.ActiveCfg = Debug|Any CPU
		{31ACC9AA-14E0-4430-8787-EA5D35B4DD22}.Debug|x86.Build.0 = Debug|Any CPU
		{31ACC9AA-14E0-4430-8787-EA5D35B4DD22}.Release|Any CPU.ActiveCfg = Release|Any CPU
		{31ACC9AA-14E0-4430-8787-EA5D35B4DD22}.Release|Any CPU.Build.0 = Release|Any CPU
		{31ACC9AA-14E0-4430-8787-EA5D35B4DD22}.Release|x64.ActiveCfg = Release|Any CPU
		{31ACC9AA-14E0-4430-8787-EA5D35B4DD22}.Release|x64.Build.0 = Release|Any CPU
		{31ACC9AA-14E0-4430-8787-EA5D35B4DD22}.Release|x86.ActiveCfg = Release|Any CPU
		{31ACC9AA-14E0-4430-8787-EA5D35B4DD22}.Release|x86.Build.0 = Release|Any CPU
		{A7806439-5B19-467A-B5B8-A0DB43A11C75}.Debug|Any CPU.ActiveCfg = Debug|Any CPU
		{A7806439-5B19-467A-B5B8-A0DB43A11C75}.Debug|Any CPU.Build.0 = Debug|Any CPU
		{A7806439-5B19-467A-B5B8-A0DB43A11C75}.Debug|x64.ActiveCfg = Debug|Any CPU
		{A7806439-5B19-467A-B5B8-A0DB43A11C75}.Debug|x64.Build.0 = Debug|Any CPU
		{A7806439-5B19-467A-B5B8-A0DB43A11C75}.Debug|x86.ActiveCfg = Debug|Any CPU
		{A7806439-5B19-467A-B5B8-A0DB43A11C75}.Debug|x86.Build.0 = Debug|Any CPU
		{A7806439-5B19-467A-B5B8-A0DB43A11C75}.Release|Any CPU.ActiveCfg = Release|Any CPU
		{A7806439-5B19-467A-B5B8-A0DB43A11C75}.Release|Any CPU.Build.0 = Release|Any CPU
		{A7806439-5B19-467A-B5B8-A0DB43A11C75}.Release|x64.ActiveCfg = Release|Any CPU
		{A7806439-5B19-467A-B5B8-A0DB43A11C75}.Release|x64.Build.0 = Release|Any CPU
		{A7806439-5B19-467A-B5B8-A0DB43A11C75}.Release|x86.ActiveCfg = Release|Any CPU
		{A7806439-5B19-467A-B5B8-A0DB43A11C75}.Release|x86.Build.0 = Release|Any CPU
	EndGlobalSection
	GlobalSection(SolutionProperties) = preSolution
		HideSolutionNode = FALSE
	EndGlobalSection
EndGlobal
